// !$*UTF8*$!
{
	archiveVersion = 1;
	classes = {
	};
	objectVersion = 48;
	objects = {

/* Begin PBXBuildFile section */
		B18980121FD5DE720095B247 /* Hero.framework in Frameworks */ = {isa = PBXBuildFile; fileRef = B18980111FD5DE720095B247 /* Hero.framework */; };
		B18980141FD5DE8F0095B247 /* Hero.framework in CopyFiles */ = {isa = PBXBuildFile; fileRef = B18980111FD5DE720095B247 /* Hero.framework */; settings = {ATTRIBUTES = (CodeSignOnCopy, RemoveHeadersOnCopy, ); }; };
		B1B59B3B1FD5DADA00D75764 /* AppDelegate.swift in Sources */ = {isa = PBXBuildFile; fileRef = B1B59B3A1FD5DADA00D75764 /* AppDelegate.swift */; };
		B1B59B3D1FD5DADA00D75764 /* ViewController.swift in Sources */ = {isa = PBXBuildFile; fileRef = B1B59B3C1FD5DADA00D75764 /* ViewController.swift */; };
		B1B59B421FD5DADA00D75764 /* Assets.xcassets in Resources */ = {isa = PBXBuildFile; fileRef = B1B59B411FD5DADA00D75764 /* Assets.xcassets */; };
		B1B59B451FD5DADA00D75764 /* LaunchScreen.storyboard in Resources */ = {isa = PBXBuildFile; fileRef = B1B59B431FD5DADA00D75764 /* LaunchScreen.storyboard */; };
/* End PBXBuildFile section */

/* Begin PBXCopyFilesBuildPhase section */
		B18980131FD5DE810095B247 /* CopyFiles */ = {
			isa = PBXCopyFilesBuildPhase;
			buildActionMask = 2147483647;
			dstPath = "";
			dstSubfolderSpec = 10;
			files = (
				B18980141FD5DE8F0095B247 /* Hero.framework in CopyFiles */,
			);
			runOnlyForDeploymentPostprocessing = 0;
		};
/* End PBXCopyFilesBuildPhase section */

/* Begin PBXFileReference section */
		B18980111FD5DE720095B247 /* Hero.framework */ = {isa = PBXFileReference; lastKnownFileType = wrapper.framework; name = Hero.framework; path = AppStoreTransition/Hero/Hero.framework; sourceTree = "<group>"; };
		B1B59B371FD5DADA00D75764 /* AppStoreTransition.app */ = {isa = PBXFileReference; explicitFileType = wrapper.application; includeInIndex = 0; path = AppStoreTransition.app; sourceTree = BUILT_PRODUCTS_DIR; };
		B1B59B3A1FD5DADA00D75764 /* AppDelegate.swift */ = {isa = PBXFileReference; lastKnownFileType = sourcecode.swift; path = AppDelegate.swift; sourceTree = "<group>"; };
		B1B59B3C1FD5DADA00D75764 /* ViewController.swift */ = {isa = PBXFileReference; lastKnownFileType = sourcecode.swift; path = ViewController.swift; sourceTree = "<group>"; };
		B1B59B411FD5DADA00D75764 /* Assets.xcassets */ = {isa = PBXFileReference; lastKnownFileType = folder.assetcatalog; path = Assets.xcassets; sourceTree = "<group>"; };
		B1B59B441FD5DADA00D75764 /* Base */ = {isa = PBXFileReference; lastKnownFileType = file.storyboard; name = Base; path = Base.lproj/LaunchScreen.storyboard; sourceTree = "<group>"; };
		B1B59B461FD5DADA00D75764 /* Info.plist */ = {isa = PBXFileReference; lastKnownFileType = text.plist.xml; path = Info.plist; sourceTree = "<group>"; };
/* End PBXFileReference section */

/* Begin PBXFrameworksBuildPhase section */
		B1B59B341FD5DADA00D75764 /* Frameworks */ = {
			isa = PBXFrameworksBuildPhase;
			buildActionMask = 2147483647;
			files = (
				B18980121FD5DE720095B247 /* Hero.framework in Frameworks */,
			);
			runOnlyForDeploymentPostprocessing = 0;
		};
/* End PBXFrameworksBuildPhase section */

/* Begin PBXGroup section */
		B18980101FD5DE720095B247 /* Frameworks */ = {
			isa = PBXGroup;
			children = (
				B18980111FD5DE720095B247 /* Hero.framework */,
			);
			name = Frameworks;
			sourceTree = "<group>";
		};
		B1B59B2E1FD5DADA00D75764 = {
			isa = PBXGroup;
			children = (
				B1B59B391FD5DADA00D75764 /* AppStoreTransition */,
				B1B59B381FD5DADA00D75764 /* Products */,
				B18980101FD5DE720095B247 /* Frameworks */,
			);
			sourceTree = "<group>";
		};
		B1B59B381FD5DADA00D75764 /* Products */ = {
			isa = PBXGroup;
			children = (
				B1B59B371FD5DADA00D75764 /* AppStoreTransition.app */,
			);
			name = Products;
			sourceTree = "<group>";
		};
		B1B59B391FD5DADA00D75764 /* AppStoreTransition */ = {
			isa = PBXGroup;
			children = (
				B1B59B3A1FD5DADA00D75764 /* AppDelegate.swift */,
				B1B59B3C1FD5DADA00D75764 /* ViewController.swift */,
				B1B59B411FD5DADA00D75764 /* Assets.xcassets */,
				B1B59B431FD5DADA00D75764 /* LaunchScreen.storyboard */,
				B1B59B461FD5DADA00D75764 /* Info.plist */,
			);
			path = AppStoreTransition;
			sourceTree = "<group>";
		};
/* End PBXGroup section */

/* Begin PBXNativeTarget section */
		B1B59B361FD5DADA00D75764 /* AppStoreTransition */ = {
			isa = PBXNativeTarget;
			buildConfigurationList = B1B59B491FD5DADA00D75764 /* Build configuration list for PBXNativeTarget "AppStoreTransition" */;
			buildPhases = (
				B1B59B331FD5DADA00D75764 /* Sources */,
				B1B59B341FD5DADA00D75764 /* Frameworks */,
				B1B59B351FD5DADA00D75764 /* Resources */,
				B18980131FD5DE810095B247 /* CopyFiles */,
			);
			buildRules = (
			);
			dependencies = (
			);
			name = AppStoreTransition;
			productName = AppStoreTransition;
			productReference = B1B59B371FD5DADA00D75764 /* AppStoreTransition.app */;
			productType = "com.apple.product-type.application";
		};
/* End PBXNativeTarget section */

/* Begin PBXProject section */
		B1B59B2F1FD5DADA00D75764 /* Project object */ = {
			isa = PBXProject;
			attributes = {
				LastSwiftUpdateCheck = 0900;
				LastUpgradeCheck = 0900;
				ORGANIZATIONNAME = lkzhao;
				TargetAttributes = {
					B1B59B361FD5DADA00D75764 = {
						CreatedOnToolsVersion = 9.0;
						ProvisioningStyle = Automatic;
					};
				};
			};
			buildConfigurationList = B1B59B321FD5DADA00D75764 /* Build configuration list for PBXProject "AppStoreTransition" */;
			compatibilityVersion = "Xcode 8.0";
			developmentRegion = en;
			hasScannedForEncodings = 0;
			knownRegions = (
				en,
				Base,
			);
			mainGroup = B1B59B2E1FD5DADA00D75764;
			productRefGroup = B1B59B381FD5DADA00D75764 /* Products */;
			projectDirPath = "";
			projectRoot = "";
			targets = (
				B1B59B361FD5DADA00D75764 /* AppStoreTransition */,
			);
		};
/* End PBXProject section */

/* Begin PBXResourcesBuildPhase section */
		B1B59B351FD5DADA00D75764 /* Resources */ = {
			isa = PBXResourcesBuildPhase;
			buildActionMask = 2147483647;
			files = (
				B1B59B451FD5DADA00D75764 /* LaunchScreen.storyboard in Resources */,
				B1B59B421FD5DADA00D75764 /* Assets.xcassets in Resources */,
			);
			runOnlyForDeploymentPostprocessing = 0;
		};
/* End PBXResourcesBuildPhase section */

/* Begin PBXSourcesBuildPhase section */
		B1B59B331FD5DADA00D75764 /* Sources */ = {
			isa = PBXSourcesBuildPhase;
			buildActionMask = 2147483647;
			files = (
				B1B59B3D1FD5DADA00D75764 /* ViewController.swift in Sources */,
				B1B59B3B1FD5DADA00D75764 /* AppDelegate.swift in Sources */,
			);
			runOnlyForDeploymentPostprocessing = 0;
		};
/* End PBXSourcesBuildPhase section */

/* Begin PBXVariantGroup section */
		B1B59B431FD5DADA00D75764 /* LaunchScreen.storyboard */ = {
			isa = PBXVariantGroup;
			children = (
				B1B59B441FD5DADA00D75764 /* Base */,
			);
			name = LaunchScreen.storyboard;
			sourceTree = "<group>";
		};
/* End PBXVariantGroup section */

/* Begin XCBuildConfiguration section */
		B1B59B471FD5DADA00D75764 /* Debug */ = {
			isa = XCBuildConfiguration;
			buildSettings = {
				ALWAYS_SEARCH_USER_PATHS = NO;
				CLANG_ANALYZER_NONNULL = YES;
				CLANG_ANALYZER_NUMBER_OBJECT_CONVERSION = YES_AGGRESSIVE;
				CLANG_CXX_LANGUAGE_STANDARD = "gnu++14";
				CLANG_CXX_LIBRARY = "libc++";
				CLANG_ENABLE_MODULES = YES;
				CLANG_ENABLE_OBJC_ARC = YES;
				CLANG_WARN_BLOCK_CAPTURE_AUTORELEASING = YES;
				CLANG_WARN_BOOL_CONVERSION = YES;
				CLANG_WARN_COMMA = YES;
				CLANG_WARN_CONSTANT_CONVERSION = YES;
				CLANG_WARN_DIRECT_OBJC_ISA_USAGE = YES_ERROR;
				CLANG_WARN_DOCUMENTATION_COMMENTS = YES;
				CLANG_WARN_EMPTY_BODY = YES;
				CLANG_WARN_ENUM_CONVERSION = YES;
				CLANG_WARN_INFINITE_RECURSION = YES;
				CLANG_WARN_INT_CONVERSION = YES;
				CLANG_WARN_NON_LITERAL_NULL_CONVERSION = YES;
				CLANG_WARN_OBJC_LITERAL_CONVERSION = YES;
				CLANG_WARN_OBJC_ROOT_CLASS = YES_ERROR;
				CLANG_WARN_RANGE_LOOP_ANALYSIS = YES;
				CLANG_WARN_STRICT_PROTOTYPES = YES;
				CLANG_WARN_SUSPICIOUS_MOVE = YES;
				CLANG_WARN_UNGUARDED_AVAILABILITY = YES_AGGRESSIVE;
				CLANG_WARN_UNREACHABLE_CODE = YES;
				CLANG_WARN__DUPLICATE_METHOD_MATCH = YES;
				CODE_SIGN_IDENTITY = "iPhone Developer";
				COPY_PHASE_STRIP = NO;
				DEBUG_INFORMATION_FORMAT = dwarf;
				ENABLE_STRICT_OBJC_MSGSEND = YES;
				ENABLE_TESTABILITY = YES;
				GCC_C_LANGUAGE_STANDARD = gnu11;
				GCC_DYNAMIC_NO_PIC = NO;
				GCC_NO_COMMON_BLOCKS = YES;
				GCC_OPTIMIZATION_LEVEL = 0;
				GCC_PREPROCESSOR_DEFINITIONS = (
					"DEBUG=1",
					"$(inherited)",
				);
				GCC_WARN_64_TO_32_BIT_CONVERSION = YES;
				GCC_WARN_ABOUT_RETURN_TYPE = YES_ERROR;
				GCC_WARN_UNDECLARED_SELECTOR = YES;
				GCC_WARN_UNINITIALIZED_AUTOS = YES_AGGRESSIVE;
				GCC_WARN_UNUSED_FUNCTION = YES;
				GCC_WARN_UNUSED_VARIABLE = YES;
				IPHONEOS_DEPLOYMENT_TARGET = 11.0;
				MTL_ENABLE_DEBUG_INFO = YES;
				ONLY_ACTIVE_ARCH = YES;
				SDKROOT = iphoneos;
				SWIFT_ACTIVE_COMPILATION_CONDITIONS = DEBUG;
				SWIFT_OPTIMIZATION_LEVEL = "-Onone";
			};
			name = Debug;
		};
		B1B59B481FD5DADA00D75764 /* Release */ = {
			isa = XCBuildConfiguration;
			buildSettings = {
				ALWAYS_SEARCH_USER_PATHS = NO;
				CLANG_ANALYZER_NONNULL = YES;
				CLANG_ANALYZER_NUMBER_OBJECT_CONVERSION = YES_AGGRESSIVE;
				CLANG_CXX_LANGUAGE_STANDARD = "gnu++14";
				CLANG_CXX_LIBRARY = "libc++";
				CLANG_ENABLE_MODULES = YES;
				CLANG_ENABLE_OBJC_ARC = YES;
				CLANG_WARN_BLOCK_CAPTURE_AUTORELEASING = YES;
				CLANG_WARN_BOOL_CONVERSION = YES;
				CLANG_WARN_COMMA = YES;
				CLANG_WARN_CONSTANT_CONVERSION = YES;
				CLANG_WARN_DIRECT_OBJC_ISA_USAGE = YES_ERROR;
				CLANG_WARN_DOCUMENTATION_COMMENTS = YES;
				CLANG_WARN_EMPTY_BODY = YES;
				CLANG_WARN_ENUM_CONVERSION = YES;
				CLANG_WARN_INFINITE_RECURSION = YES;
				CLANG_WARN_INT_CONVERSION = YES;
				CLANG_WARN_NON_LITERAL_NULL_CONVERSION = YES;
				CLANG_WARN_OBJC_LITERAL_CONVERSION = YES;
				CLANG_WARN_OBJC_ROOT_CLASS = YES_ERROR;
				CLANG_WARN_RANGE_LOOP_ANALYSIS = YES;
				CLANG_WARN_STRICT_PROTOTYPES = YES;
				CLANG_WARN_SUSPICIOUS_MOVE = YES;
				CLANG_WARN_UNGUARDED_AVAILABILITY = YES_AGGRESSIVE;
				CLANG_WARN_UNREACHABLE_CODE = YES;
				CLANG_WARN__DUPLICATE_METHOD_MATCH = YES;
				CODE_SIGN_IDENTITY = "iPhone Developer";
				COPY_PHASE_STRIP = NO;
				DEBUG_INFORMATION_FORMAT = "dwarf-with-dsym";
				ENABLE_NS_ASSERTIONS = NO;
				ENABLE_STRICT_OBJC_MSGSEND = YES;
				GCC_C_LANGUAGE_STANDARD = gnu11;
				GCC_NO_COMMON_BLOCKS = YES;
				GCC_WARN_64_TO_32_BIT_CONVERSION = YES;
				GCC_WARN_ABOUT_RETURN_TYPE = YES_ERROR;
				GCC_WARN_UNDECLARED_SELECTOR = YES;
				GCC_WARN_UNINITIALIZED_AUTOS = YES_AGGRESSIVE;
				GCC_WARN_UNUSED_FUNCTION = YES;
				GCC_WARN_UNUSED_VARIABLE = YES;
				IPHONEOS_DEPLOYMENT_TARGET = 11.0;
				MTL_ENABLE_DEBUG_INFO = NO;
				SDKROOT = iphoneos;
				SWIFT_OPTIMIZATION_LEVEL = "-Owholemodule";
				VALIDATE_PRODUCT = YES;
			};
			name = Release;
		};
		B1B59B4A1FD5DADA00D75764 /* Debug */ = {
			isa = XCBuildConfiguration;
			buildSettings = {
				ASSETCATALOG_COMPILER_APPICON_NAME = AppIcon;
				CODE_SIGN_STYLE = Automatic;
				DEVELOPMENT_TEAM = 4VSEW78TKT;
				FRAMEWORK_SEARCH_PATHS = (
					"$(inherited)",
					"$(PROJECT_DIR)/AppStoreTransition/Hero",
				);
				INFOPLIST_FILE = AppStoreTransition/Info.plist;
				LD_RUNPATH_SEARCH_PATHS = "$(inherited) @executable_path/Frameworks";
				PRODUCT_BUNDLE_IDENTIFIER = com.lkzhao.AppStoreTransition;
				PRODUCT_NAME = "$(TARGET_NAME)";
				SWIFT_VERSION = 4.0;
				TARGETED_DEVICE_FAMILY = "1,2";
			};
			name = Debug;
		};
		B1B59B4B1FD5DADA00D75764 /* Release */ = {
			isa = XCBuildConfiguration;
			buildSettings = {
				ASSETCATALOG_COMPILER_APPICON_NAME = AppIcon;
				CODE_SIGN_STYLE = Automatic;
				DEVELOPMENT_TEAM = 4VSEW78TKT;
				FRAMEWORK_SEARCH_PATHS = (
					"$(inherited)",
					"$(PROJECT_DIR)/AppStoreTransition/Hero",
				);
				INFOPLIST_FILE = AppStoreTransition/Info.plist;
				LD_RUNPATH_SEARCH_PATHS = "$(inherited) @executable_path/Frameworks";
				PRODUCT_BUNDLE_IDENTIFIER = com.lkzhao.AppStoreTransition;
				PRODUCT_NAME = "$(TARGET_NAME)";
				SWIFT_VERSION = 4.0;
				TARGETED_DEVICE_FAMILY = "1,2";
			};
			name = Release;
		};
/* End XCBuildConfiguration section */

/* Begin XCConfigurationList section */
		B1B59B321FD5DADA00D75764 /* Build configuration list for PBXProject "AppStoreTransition" */ = {
			isa = XCConfigurationList;
			buildConfigurations = (
				B1B59B471FD5DADA00D75764 /* Debug */,
				B1B59B481FD5DADA00D75764 /* Release */,
			);
			defaultConfigurationIsVisible = 0;
			defaultConfigurationName = Release;
		};
		B1B59B491FD5DADA00D75764 /* Build configuration list for PBXNativeTarget "AppStoreTransition" */ = {
			isa = XCConfigurationList;
			buildConfigurations = (
				B1B59B4A1FD5DADA00D75764 /* Debug */,
				B1B59B4B1FD5DADA00D75764 /* Release */,
			);
			defaultConfigurationIsVisible = 0;
			defaultConfigurationName = Release;
		};
/* End XCConfigurationList section */
	};
	rootObject = B1B59B2F1FD5DADA00D75764 /* Project object */;
}
